
Microsoft Visual Studio Solution File, Format Version 12.00
# Visual Studio Version 16
VisualStudioVersion = 16.0.29728.190
MinimumVisualStudioVersion = 10.0.40219.1
Project("{9A19103F-16F7-4668-BE54-9A1E7A4F7556}") = "QandA", "QandA.csproj", "{3336AECA-9D9F-4304-979E-D3A9300F0B9F}"
EndProject
Project("{FAE04EC0-301F-11D3-BF4B-00C04F79EFBC}") = "Tests", "..\Tests\Tests.csproj", "{42F32884-5383-45AE-AB42-12A21C3C0ED1}"
EndProject
Global
	GlobalSection(SolutionConfigurationPlatforms) = preSolution
		Debug|Any CPU = Debug|Any CPU
		Release|Any CPU = Release|Any CPU
	EndGlobalSection
	GlobalSection(ProjectConfigurationPlatforms) = postSolution
		{3336AECA-9D9F-4304-979E-D3A9300F0B9F}.Debug|Any CPU.ActiveCfg = Debug|Any CPU
		{3336AECA-9D9F-4304-979E-D3A9300F0B9F}.Debug|Any CPU.Build.0 = Debug|Any CPU
		{3336AECA-9D9F-4304-979E-D3A9300F0B9F}.Release|Any CPU.ActiveCfg = Release|Any CPU
		{3336AECA-9D9F-4304-979E-D3A9300F0B9F}.Release|Any CPU.Build.0 = Release|Any CPU
		{42F32884-5383-45AE-AB42-12A21C3C0ED1}.Debug|Any CPU.ActiveCfg = Debug|Any CPU
		{42F32884-5383-45AE-AB42-12A21C3C0ED1}.Debug|Any CPU.Build.0 = Debug|Any CPU
		{42F32884-5383-45AE-AB42-12A21C3C0ED1}.Release|Any CPU.ActiveCfg = Release|Any CPU
		{42F32884-5383-45AE-AB42-12A21C3C0ED1}.Release|Any CPU.Build.0 = Release|Any CPU
	EndGlobalSection
	GlobalSection(SolutionProperties) = preSolution
		HideSolutionNode = FALSE
	EndGlobalSection
	GlobalSection(ExtensibilityGlobals) = postSolution
		SolutionGuid = {E4D222CC-260E-4284-B028-6989365053C6}
	EndGlobalSection
EndGlobal
